
Microsoft Visual Studio Solution File, Format Version 12.00
# Visual Studio Version 17
VisualStudioVersion = 17.5.002.0
MinimumVisualStudioVersion = 10.0.40219.1
Project("{9A19103F-16F7-4668-BE54-9A1E7A4F7556}") = "elements", "elements.csproj", "{A70048B9-3F67-4FDC-A5A1-0BAFFE0B47DC}"
EndProject
Global
	GlobalSection(SolutionConfigurationPlatforms) = preSolution
		Debug|Any CPU = Debug|Any CPU
		Release|Any CPU = Release|Any CPU
	EndGlobalSection
	GlobalSection(ProjectConfigurationPlatforms) = postSolution
		{A70048B9-3F67-4FDC-A5A1-0BAFFE0B47DC}.Debug|Any CPU.ActiveCfg = Debug|Any CPU
		{A70048B9-3F67-4FDC-A5A1-0BAFFE0B47DC}.Debug|Any CPU.Build.0 = Debug|Any CPU
		{A70048B9-3F67-4FDC-A5A1-0BAFFE0B47DC}.Release|Any CPU.ActiveCfg = Release|Any CPU
		{A70048B9-3F67-4FDC-A5A1-0BAFFE0B47DC}.Release|Any CPU.Build.0 = Release|Any CPU
	EndGlobalSection
	GlobalSection(SolutionProperties) = preSolution
		HideSolutionNode = FALSE
	EndGlobalSection
	GlobalSection(ExtensibilityGlobals) = postSolution
		SolutionGuid = {8BAD31D5-5A03-4077-8F4C-4350F6AD6561}
	EndGlobalSection
EndGlobal
